
Microsoft Visual Studio Solution File, Format Version 12.00
# Visual Studio Version 16
VisualStudioVersion = 16.0.30104.148
MinimumVisualStudioVersion = 10.0.40219.1
Project("{FAE04EC0-301F-11D3-BF4B-00C04F79EFBC}") = "Exam", "Exam.csproj", "{03C3B330-EB42-4D10-A965-C6069FABDE75}"
EndProject
Global
	GlobalSection(SolutionConfigurationPlatforms) = preSolution
		Debug|Any CPU = Debug|Any CPU
		Release|Any CPU = Release|Any CPU
	EndGlobalSection
	GlobalSection(ProjectConfigurationPlatforms) = postSolution
		{03C3B330-EB42-4D10-A965-C6069FABDE75}.Debug|Any CPU.ActiveCfg = Debug|Any CPU
		{03C3B330-EB42-4D10-A965-C6069FABDE75}.Debug|Any CPU.Build.0 = Debug|Any CPU
		{03C3B330-EB42-4D10-A965-C6069FABDE75}.Release|Any CPU.ActiveCfg = Release|Any CPU
		{03C3B330-EB42-4D10-A965-C6069FABDE75}.Release|Any CPU.Build.0 = Release|Any CPU
	EndGlobalSection
	GlobalSection(SolutionProperties) = preSolution
		HideSolutionNode = FALSE
	EndGlobalSection
	GlobalSection(ExtensibilityGlobals) = postSolution
		SolutionGuid = {760169A9-6C41-41C2-899B-CBA18747BB9E}
	EndGlobalSection
EndGlobal
